# THIS IS AN AUTOGENERATED FILE. DO NOT EDIT THIS FILE DIRECTLY.
# yarn lockfile v1


"@cspotcode/source-map-support@^0.8.0":
  version "0.8.1"
  dependencies:
    "@jridgewell/trace-mapping" "0.3.9"

"@homebridge/ciao@^1.1.5":
  version "1.1.7"
  dependencies:
    debug "^4.3.4"
    fast-deep-equal "^3.1.3"
    source-map-support "^0.5.21"
    tslib "^2.5.0"

"@homebridge/dbus-native@^0.5.1":
  version "0.5.1"
  dependencies:
    "@homebridge/long" "^5.2.1"
    "@homebridge/put" "~0.0.8"
    event-stream "^4.0.0"
    hexy "^0.2.10"
    minimist "^1.2.6"
    safe-buffer "^5.1.1"
    xml2js "^0.5.0"

"@homebridge/long@^5.2.1":
  version "5.2.1"

"@homebridge/put@~0.0.8":
  version "0.0.8"

"@jridgewell/resolve-uri@^3.0.3":
  version "3.1.1"

"@jridgewell/sourcemap-codec@^1.4.10":
  version "1.4.15"

"@jridgewell/trace-mapping@0.3.9":
  version "0.3.9"
  dependencies:
    "@jridgewell/resolve-uri" "^3.0.3"
    "@jridgewell/sourcemap-codec" "^1.4.10"

"@leichtgewicht/ip-codec@^2.0.1":
  version "2.0.4"

"@tsconfig/node10@^1.0.7":
  version "1.0.9"

"@tsconfig/node12@^1.0.7":
  version "1.0.11"

"@tsconfig/node14@^1.0.0":
  version "1.0.3"

"@tsconfig/node16@^1.0.2":
  version "1.0.4"

"@types/body-parser@*":
  version "1.19.2"
  dependencies:
    "@types/connect" "*"
    "@types/node" "*"

"@types/chroma-js@^2.1.4":
  version "2.4.0"

"@types/connect@*":
  version "3.4.35"
  dependencies:
    "@types/node" "*"

"@types/express-serve-static-core@^4.17.33":
  version "4.17.35"
  dependencies:
    "@types/node" "*"
    "@types/qs" "*"
    "@types/range-parser" "*"
    "@types/send" "*"

"@types/express@^4.17.15":
  version "4.17.17"
  dependencies:
    "@types/body-parser" "*"
    "@types/express-serve-static-core" "^4.17.33"
    "@types/qs" "*"
    "@types/serve-static" "*"

"@types/glob@^8.0.0":
  version "8.1.0"
  dependencies:
    "@types/minimatch" "^5.1.2"
    "@types/node" "*"

"@types/http-errors@*":
  version "2.0.1"

"@types/ip@^1.1.0":
  version "1.1.0"
  dependencies:
    "@types/node" "*"

"@types/lodash@^4.14.191":
  version "4.14.196"

"@types/mime@*":
  version "3.0.1"

"@types/mime@^1":
  version "1.3.2"

"@types/minimatch@^5.1.2":
  version "5.1.2"

"@types/node@*", "@types/node@^16.10.9":
  version "16.18.39"

"@types/qs@*":
  version "6.9.7"

"@types/range-parser@*":
  version "1.2.4"

"@types/send@*":
  version "0.17.1"
  dependencies:
    "@types/mime" "^1"
    "@types/node" "*"

"@types/serve-static@*":
  version "1.15.2"
  dependencies:
    "@types/http-errors" "*"
    "@types/mime" "*"
    "@types/node" "*"

accepts@~1.3.8:
  version "1.3.8"
  dependencies:
    mime-types "~2.1.34"
    negotiator "0.6.3"

acorn-walk@^8.1.1:
  version "8.2.0"

acorn@^8.4.1:
  version "8.10.0"

ansi-styles@^4.1.0:
  version "4.3.0"
  dependencies:
    color-convert "^2.0.1"

arg@^4.1.0:
  version "4.1.3"

array-buffer-byte-length@^1.0.0:
  version "1.0.0"
  dependencies:
    call-bind "^1.0.2"
    is-array-buffer "^3.0.1"

array-flatten@^2.1.2:
  version "2.1.2"

array-flatten@1.1.1:
  version "1.1.1"

asynckit@^0.4.0:
  version "0.4.0"

available-typed-arrays@^1.0.5:
  version "1.0.5"

axios@^0.19.2:
  version "0.19.2"
  resolved "https://registry.npmjs.org/axios/-/axios-0.19.2.tgz"
  integrity sha512-fjgm5MvRHLhx+osE2xoekY70AhARk3a6hkN+3Io1jc00jtquGvxYlKlsFUhmUET0V5te6CcZI7lcv2Ym61mjHA==
  dependencies:
    follow-redirects "1.5.10"

balanced-match@^1.0.0:
  version "1.0.2"

body-parser@1.20.1:
  version "1.20.1"
  dependencies:
    bytes "3.1.2"
    content-type "~1.0.4"
    debug "2.6.9"
    depd "2.0.0"
    destroy "1.2.0"
    http-errors "2.0.0"
    iconv-lite "0.4.24"
    on-finished "2.4.1"
    qs "6.11.0"
    raw-body "2.5.1"
    type-is "~1.6.18"
    unpipe "1.0.0"

bonjour-hap@~3.6.4:
  version "3.6.4"
  dependencies:
    array-flatten "^2.1.2"
    deep-equal "^2.0.5"
    ip "^1.1.8"
    multicast-dns "^7.2.5"
    multicast-dns-service-types "^1.1.0"

brace-expansion@^1.1.7:
  version "1.1.11"
  dependencies:
    balanced-match "^1.0.0"
    concat-map "0.0.1"

brace-expansion@^2.0.1:
  version "2.0.1"
  dependencies:
    balanced-match "^1.0.0"

buffer-from@^1.0.0:
  version "1.1.2"

bytes@3.1.2:
  version "3.1.2"

call-bind@^1.0.0, call-bind@^1.0.2:
  version "1.0.2"
  dependencies:
    function-bind "^1.1.1"
    get-intrinsic "^1.0.2"

chalk@^4.1.2:
  version "4.1.2"
  dependencies:
    ansi-styles "^4.1.0"
    supports-color "^7.1.0"

chroma-js@^2.4.2:
  version "2.4.2"

color-convert@^2.0.1:
  version "2.0.1"
  dependencies:
    color-name "~1.1.4"

color-name@~1.1.4:
  version "1.1.4"

combined-stream@^1.0.8:
  version "1.0.8"
  dependencies:
    delayed-stream "~1.0.0"

commander@5.1.0:
  version "5.1.0"

concat-map@0.0.1:
  version "0.0.1"

content-disposition@0.5.4:
  version "0.5.4"
  dependencies:
    safe-buffer "5.2.1"

content-type@~1.0.4:
  version "1.0.5"

cookie-signature@1.0.6:
  version "1.0.6"

cookie@0.5.0:
  version "0.5.0"

create-require@^1.1.0:
  version "1.1.1"

debug@^4.3.4:
  version "4.3.4"
  dependencies:
    ms "2.1.2"

debug@=3.1.0:
  version "3.1.0"
  resolved "https://registry.npmjs.org/debug/-/debug-3.1.0.tgz"
  integrity sha512-OX8XqP7/1a9cqkxYw2yXss15f26NKWBpDXQd0/uK/KPqdQhxbPa994hnzjcE2VqQpDslf55723cKPUOGSmMY3g==
  dependencies:
    ms "2.0.0"

debug@2.6.9:
  version "2.6.9"
  dependencies:
    ms "2.0.0"

deep-equal@^2.0.5:
  version "2.2.2"
  dependencies:
    array-buffer-byte-length "^1.0.0"
    call-bind "^1.0.2"
    es-get-iterator "^1.1.3"
    get-intrinsic "^1.2.1"
    is-arguments "^1.1.1"
    is-array-buffer "^3.0.2"
    is-date-object "^1.0.5"
    is-regex "^1.1.4"
    is-shared-array-buffer "^1.0.2"
    isarray "^2.0.5"
    object-is "^1.1.5"
    object-keys "^1.1.1"
    object.assign "^4.1.4"
    regexp.prototype.flags "^1.5.0"
    side-channel "^1.0.4"
    which-boxed-primitive "^1.0.2"
    which-collection "^1.0.1"
    which-typed-array "^1.1.9"

define-properties@^1.1.3, define-properties@^1.1.4, define-properties@^1.2.0:
  version "1.2.0"
  dependencies:
    has-property-descriptors "^1.0.0"
    object-keys "^1.1.1"

delayed-stream@~1.0.0:
  version "1.0.0"

depd@2.0.0:
  version "2.0.0"

destroy@1.2.0:
  version "1.2.0"

diff@^4.0.1:
  version "4.0.2"

dns-packet@^5.2.2:
  version "5.6.0"
  dependencies:
    "@leichtgewicht/ip-codec" "^2.0.1"

duplexer@^0.1.1, duplexer@~0.1.1:
  version "0.1.2"

ee-first@1.1.1:
  version "1.1.1"

encodeurl@~1.0.2:
  version "1.0.2"

es-get-iterator@^1.1.3:
  version "1.1.3"
  dependencies:
    call-bind "^1.0.2"
    get-intrinsic "^1.1.3"
    has-symbols "^1.0.3"
    is-arguments "^1.1.1"
    is-map "^2.0.2"
    is-set "^2.0.2"
    is-string "^1.0.7"
    isarray "^2.0.5"
    stop-iteration-iterator "^1.0.0"

escape-html@~1.0.3:
  version "1.0.3"

etag@~1.8.1:
  version "1.8.1"

event-stream@^4.0.0:
  version "4.0.1"
  dependencies:
    duplexer "^0.1.1"
    from "^0.1.7"
    map-stream "0.0.7"
    pause-stream "^0.0.11"
    split "^1.0.1"
    stream-combiner "^0.2.2"
    through "^2.3.8"

express@^4.18.2:
  version "4.18.2"
  dependencies:
    accepts "~1.3.8"
    array-flatten "1.1.1"
    body-parser "1.20.1"
    content-disposition "0.5.4"
    content-type "~1.0.4"
    cookie "0.5.0"
    cookie-signature "1.0.6"
    debug "2.6.9"
    depd "2.0.0"
    encodeurl "~1.0.2"
    escape-html "~1.0.3"
    etag "~1.8.1"
    finalhandler "1.2.0"
    fresh "0.5.2"
    http-errors "2.0.0"
    merge-descriptors "1.0.1"
    methods "~1.1.2"
    on-finished "2.4.1"
    parseurl "~1.3.3"
    path-to-regexp "0.1.7"
    proxy-addr "~2.0.7"
    qs "6.11.0"
    range-parser "~1.2.1"
    safe-buffer "5.2.1"
    send "0.18.0"
    serve-static "1.15.0"
    setprototypeof "1.2.0"
    statuses "2.0.1"
    type-is "~1.6.18"
    utils-merge "1.0.1"
    vary "~1.1.2"

fast-deep-equal@^3.1.3:
  version "3.1.3"

fast-srp-hap@~2.0.4:
  version "2.0.4"

finalhandler@1.2.0:
  version "1.2.0"
  dependencies:
    debug "2.6.9"
    encodeurl "~1.0.2"
    escape-html "~1.0.3"
    on-finished "2.4.1"
    parseurl "~1.3.3"
    statuses "2.0.1"
    unpipe "~1.0.0"

follow-redirects@1.5.10:
  version "1.5.10"
  resolved "https://registry.npmjs.org/follow-redirects/-/follow-redirects-1.5.10.tgz"
  integrity sha512-0V5l4Cizzvqt5D44aTXbFZz+FtyXV1vrDN6qrelxtfYQKW0KO0W2T/hkE8xvGa/540LkZlkaUjO4ailYTFtHVQ==
  dependencies:
    debug "=3.1.0"

for-each@^0.3.3:
  version "0.3.3"
  dependencies:
    is-callable "^1.1.3"

form-data@^4.0.0:
  version "4.0.0"
  dependencies:
    asynckit "^0.4.0"
    combined-stream "^1.0.8"
    mime-types "^2.1.12"

forwarded@0.2.0:
  version "0.2.0"

fresh@0.5.2:
  version "0.5.2"

from@^0.1.7:
  version "0.1.7"

fs-extra@^10.1.0:
  version "10.1.0"
  dependencies:
    graceful-fs "^4.2.0"
    jsonfile "^6.0.1"
    universalify "^2.0.0"

fs.realpath@^1.0.0:
  version "1.0.0"

function-bind@^1.1.1:
  version "1.1.1"

functions-have-names@^1.2.3:
  version "1.2.3"

futoin-hkdf@~1.4.3:
  version "1.4.3"

get-intrinsic@^1.0.2, get-intrinsic@^1.1.1, get-intrinsic@^1.1.3, get-intrinsic@^1.2.0, get-intrinsic@^1.2.1:
  version "1.2.1"
  dependencies:
    function-bind "^1.1.1"
    has "^1.0.3"
    has-proto "^1.0.1"
    has-symbols "^1.0.3"

glob@^7.1.3:
  version "7.2.3"
  dependencies:
    fs.realpath "^1.0.0"
    inflight "^1.0.4"
    inherits "2"
    minimatch "^3.1.1"
    once "^1.3.0"
    path-is-absolute "^1.0.0"

glob@^8.0.3:
  version "8.1.0"
  dependencies:
    fs.realpath "^1.0.0"
    inflight "^1.0.4"
    inherits "2"
    minimatch "^5.0.1"
    once "^1.3.0"

gopd@^1.0.1:
  version "1.0.1"
  dependencies:
    get-intrinsic "^1.1.3"

graceful-fs@^4.1.6, graceful-fs@^4.2.0:
  version "4.2.11"

hap-nodejs@~0.11.1:
  version "0.11.1"
  dependencies:
    "@homebridge/ciao" "^1.1.5"
    "@homebridge/dbus-native" "^0.5.1"
    bonjour-hap "~3.6.4"
    debug "^4.3.4"
    fast-srp-hap "~2.0.4"
    futoin-hkdf "~1.4.3"
    node-persist "^0.0.11"
    source-map-support "^0.5.21"
    tslib "^2.4.0"
    tweetnacl "^1.0.3"

has-bigints@^1.0.1:
  version "1.0.2"

has-flag@^4.0.0:
  version "4.0.0"

has-property-descriptors@^1.0.0:
  version "1.0.0"
  dependencies:
    get-intrinsic "^1.1.1"

has-proto@^1.0.1:
  version "1.0.1"

has-symbols@^1.0.2, has-symbols@^1.0.3:
  version "1.0.3"

has-tostringtag@^1.0.0:
  version "1.0.0"
  dependencies:
    has-symbols "^1.0.2"

has@^1.0.3:
  version "1.0.3"
  dependencies:
    function-bind "^1.1.1"

hexy@^0.2.10:
  version "0.2.11"

homebridge@^1.3.5:
  version "1.6.1"
  dependencies:
    chalk "^4.1.2"
    commander "5.1.0"
    fs-extra "^10.1.0"
    hap-nodejs "~0.11.1"
    qrcode-terminal "^0.12.0"
    semver "^7.3.7"
    source-map-support "^0.5.21"

http-errors@2.0.0:
  version "2.0.0"
  dependencies:
    depd "2.0.0"
    inherits "2.0.4"
    setprototypeof "1.2.0"
    statuses "2.0.1"
    toidentifier "1.0.1"

iconv-lite@0.4.24:
  version "0.4.24"
  dependencies:
    safer-buffer ">= 2.1.2 < 3"

inflight@^1.0.4:
  version "1.0.6"
  dependencies:
    once "^1.3.0"
    wrappy "1"

inherits@2, inherits@2.0.4:
  version "2.0.4"

internal-slot@^1.0.4:
  version "1.0.5"
  dependencies:
    get-intrinsic "^1.2.0"
    has "^1.0.3"
    side-channel "^1.0.4"

ip@^1.1.8:
  version "1.1.8"

ipaddr.js@1.9.1:
  version "1.9.1"

is-arguments@^1.1.1:
  version "1.1.1"
  dependencies:
    call-bind "^1.0.2"
    has-tostringtag "^1.0.0"

is-array-buffer@^3.0.1, is-array-buffer@^3.0.2:
  version "3.0.2"
  dependencies:
    call-bind "^1.0.2"
    get-intrinsic "^1.2.0"
    is-typed-array "^1.1.10"

is-bigint@^1.0.1:
  version "1.0.4"
  dependencies:
    has-bigints "^1.0.1"

is-boolean-object@^1.1.0:
  version "1.1.2"
  dependencies:
    call-bind "^1.0.2"
    has-tostringtag "^1.0.0"

is-callable@^1.1.3:
  version "1.2.7"

is-date-object@^1.0.5:
  version "1.0.5"
  dependencies:
    has-tostringtag "^1.0.0"

is-map@^2.0.1, is-map@^2.0.2:
  version "2.0.2"

is-number-object@^1.0.4:
  version "1.0.7"
  dependencies:
    has-tostringtag "^1.0.0"

is-regex@^1.1.4:
  version "1.1.4"
  dependencies:
    call-bind "^1.0.2"
    has-tostringtag "^1.0.0"

is-set@^2.0.1, is-set@^2.0.2:
  version "2.0.2"

is-shared-array-buffer@^1.0.2:
  version "1.0.2"
  dependencies:
    call-bind "^1.0.2"

is-string@^1.0.5, is-string@^1.0.7:
  version "1.0.7"
  dependencies:
    has-tostringtag "^1.0.0"

is-symbol@^1.0.3:
  version "1.0.4"
  dependencies:
    has-symbols "^1.0.2"

is-typed-array@^1.1.10:
  version "1.1.12"
  dependencies:
    which-typed-array "^1.1.11"

is-weakmap@^2.0.1:
  version "2.0.1"

is-weakset@^2.0.1:
  version "2.0.2"
  dependencies:
    call-bind "^1.0.2"
    get-intrinsic "^1.1.1"

isarray@^2.0.5:
  version "2.0.5"

jsonfile@^6.0.1:
  version "6.1.0"
  dependencies:
    universalify "^2.0.0"
  optionalDependencies:
    graceful-fs "^4.1.6"

lodash@^4.17.21:
  version "4.17.21"

lru-cache@^6.0.0:
  version "6.0.0"
  dependencies:
    yallist "^4.0.0"

make-error@^1.1.1:
  version "1.3.6"

map-stream@0.0.7:
  version "0.0.7"

media-typer@0.3.0:
  version "0.3.0"

merge-descriptors@1.0.1:
  version "1.0.1"

methods@~1.1.2:
  version "1.1.2"

mime-db@1.52.0:
  version "1.52.0"

mime-types@^2.1.12, mime-types@~2.1.24, mime-types@~2.1.34:
  version "2.1.35"
  dependencies:
    mime-db "1.52.0"

mime@1.6.0:
  version "1.6.0"

minimatch@^3.1.1:
  version "3.1.2"
  dependencies:
    brace-expansion "^1.1.7"

minimatch@^5.0.1:
  version "5.1.6"
  dependencies:
    brace-expansion "^2.0.1"

minimist@^1.2.6:
  version "1.2.8"

mkdirp@~0.5.1:
  version "0.5.6"
  dependencies:
    minimist "^1.2.6"

ms@2.0.0:
  version "2.0.0"

ms@2.1.2:
  version "2.1.2"

ms@2.1.3:
  version "2.1.3"

multicast-dns-service-types@^1.1.0:
  version "1.1.0"

multicast-dns@^7.2.5:
  version "7.2.5"
  dependencies:
    dns-packet "^5.2.2"
    thunky "^1.0.2"

negotiator@0.6.3:
  version "0.6.3"

node-persist@^0.0.11:
  version "0.0.11"
  dependencies:
    mkdirp "~0.5.1"
    q "~1.1.1"

object-inspect@^1.9.0:
  version "1.12.3"

object-is@^1.1.5:
  version "1.1.5"
  dependencies:
    call-bind "^1.0.2"
    define-properties "^1.1.3"

object-keys@^1.1.1:
  version "1.1.1"

object.assign@^4.1.4:
  version "4.1.4"
  dependencies:
    call-bind "^1.0.2"
    define-properties "^1.1.4"
    has-symbols "^1.0.3"
    object-keys "^1.1.1"

on-finished@2.4.1:
  version "2.4.1"
  dependencies:
    ee-first "1.1.1"

once@^1.3.0:
  version "1.4.0"
  dependencies:
    wrappy "1"

parseurl@~1.3.3:
  version "1.3.3"

path-is-absolute@^1.0.0:
  version "1.0.1"

path-to-regexp@0.1.7:
  version "0.1.7"

pause-stream@^0.0.11:
  version "0.0.11"
  dependencies:
    through "~2.3"

proxy-addr@~2.0.7:
  version "2.0.7"
  dependencies:
    forwarded "0.2.0"
    ipaddr.js "1.9.1"

q@~1.1.1:
  version "1.1.2"

qrcode-terminal@^0.12.0:
  version "0.12.0"

qs@6.11.0:
  version "6.11.0"
  dependencies:
    side-channel "^1.0.4"

range-parser@~1.2.1:
  version "1.2.1"

raw-body@2.5.1:
  version "2.5.1"
  dependencies:
    bytes "3.1.2"
    http-errors "2.0.0"
    iconv-lite "0.4.24"
    unpipe "1.0.0"

regexp.prototype.flags@^1.5.0:
  version "1.5.0"
  dependencies:
    call-bind "^1.0.2"
    define-properties "^1.2.0"
    functions-have-names "^1.2.3"

rimraf@^3.0.2:
  version "3.0.2"
  dependencies:
    glob "^7.1.3"

safe-buffer@^5.1.1, safe-buffer@5.2.1:
  version "5.2.1"

"safer-buffer@>= 2.1.2 < 3":
  version "2.1.2"

sax@>=0.6.0:
  version "1.2.4"

semver@^7.3.7:
  version "7.5.4"
  dependencies:
    lru-cache "^6.0.0"

send@0.18.0:
  version "0.18.0"
  dependencies:
    debug "2.6.9"
    depd "2.0.0"
    destroy "1.2.0"
    encodeurl "~1.0.2"
    escape-html "~1.0.3"
    etag "~1.8.1"
    fresh "0.5.2"
    http-errors "2.0.0"
    mime "1.6.0"
    ms "2.1.3"
    on-finished "2.4.1"
    range-parser "~1.2.1"
    statuses "2.0.1"

serve-static@1.15.0:
  version "1.15.0"
  dependencies:
    encodeurl "~1.0.2"
    escape-html "~1.0.3"
    parseurl "~1.3.3"
    send "0.18.0"

setprototypeof@1.2.0:
  version "1.2.0"

side-channel@^1.0.4:
  version "1.0.4"
  dependencies:
    call-bind "^1.0.0"
    get-intrinsic "^1.0.2"
    object-inspect "^1.9.0"

source-map-support@^0.5.21:
  version "0.5.21"
  dependencies:
    buffer-from "^1.0.0"
    source-map "^0.6.0"

source-map@^0.6.0:
  version "0.6.1"

split@^1.0.1:
  version "1.0.1"
  dependencies:
    through "2"

statuses@2.0.1:
  version "2.0.1"

stop-iteration-iterator@^1.0.0:
  version "1.0.0"
  dependencies:
    internal-slot "^1.0.4"

stream-combiner@^0.2.2:
  version "0.2.2"
  dependencies:
    duplexer "~0.1.1"
    through "~2.3.4"

supports-color@^7.1.0:
  version "7.2.0"
  dependencies:
    has-flag "^4.0.0"

through@^2.3.8, through@~2.3, through@~2.3.4, through@2:
  version "2.3.8"

thunky@^1.0.2:
  version "1.1.0"

toidentifier@1.0.1:
  version "1.0.1"

ts-node@^10.3.0:
  version "10.9.1"
  dependencies:
    "@cspotcode/source-map-support" "^0.8.0"
    "@tsconfig/node10" "^1.0.7"
    "@tsconfig/node12" "^1.0.7"
    "@tsconfig/node14" "^1.0.0"
    "@tsconfig/node16" "^1.0.2"
    acorn "^8.4.1"
    acorn-walk "^8.1.1"
    arg "^4.1.0"
    create-require "^1.1.0"
    diff "^4.0.1"
    make-error "^1.1.1"
    v8-compile-cache-lib "^3.0.1"
    yn "3.1.1"

tslib@^2.4.0, tslib@^2.5.0:
  version "2.6.1"

tweetnacl@^1.0.3:
  version "1.0.3"

type-is@~1.6.18:
  version "1.6.18"
  dependencies:
    media-typer "0.3.0"
    mime-types "~2.1.24"

typescript@^4.4.4, typescript@>=2.7:
  version "4.9.5"

universalify@^2.0.0:
  version "2.0.0"

unpipe@~1.0.0, unpipe@1.0.0:
  version "1.0.0"

utils-merge@1.0.1:
  version "1.0.1"

v8-compile-cache-lib@^3.0.1:
  version "3.0.1"

vary@~1.1.2:
  version "1.1.2"

which-boxed-primitive@^1.0.2:
  version "1.0.2"
  dependencies:
    is-bigint "^1.0.1"
    is-boolean-object "^1.1.0"
    is-number-object "^1.0.4"
    is-string "^1.0.5"
    is-symbol "^1.0.3"

which-collection@^1.0.1:
  version "1.0.1"
  dependencies:
    is-map "^2.0.1"
    is-set "^2.0.1"
    is-weakmap "^2.0.1"
    is-weakset "^2.0.1"

which-typed-array@^1.1.11, which-typed-array@^1.1.9:
  version "1.1.11"
  dependencies:
    available-typed-arrays "^1.0.5"
    call-bind "^1.0.2"
    for-each "^0.3.3"
    gopd "^1.0.1"
    has-tostringtag "^1.0.0"

wrappy@1:
  version "1.0.2"

xml2js@^0.5.0:
  version "0.5.0"
  dependencies:
    sax ">=0.6.0"
    xmlbuilder "~11.0.0"

xmlbuilder@~11.0.0:
  version "11.0.1"

yallist@^4.0.0:
  version "4.0.0"

yn@3.1.1:
  version "3.1.1"
